
Microsoft Visual Studio Solution File, Format Version 12.00
# Visual Studio 15
VisualStudioVersion = 15.0.28307.1022
MinimumVisualStudioVersion = 10.0.40219.1
Project("{FAE04EC0-301F-11D3-BF4B-00C04F79EFBC}") = "BD_Final", "BD_Final\BD_Final.csproj", "{46602100-8176-460D-827B-5B50F0693BA4}"
EndProject
Global
	GlobalSection(SolutionConfigurationPlatforms) = preSolution
		Debug|Any CPU = Debug|Any CPU
		Release|Any CPU = Release|Any CPU
	EndGlobalSection
	GlobalSection(ProjectConfigurationPlatforms) = postSolution
		{46602100-8176-460D-827B-5B50F0693BA4}.Debug|Any CPU.ActiveCfg = Debug|Any CPU
		{46602100-8176-460D-827B-5B50F0693BA4}.Debug|Any CPU.Build.0 = Debug|Any CPU
		{46602100-8176-460D-827B-5B50F0693BA4}.Release|Any CPU.ActiveCfg = Release|Any CPU
		{46602100-8176-460D-827B-5B50F0693BA4}.Release|Any CPU.Build.0 = Release|Any CPU
	EndGlobalSection
	GlobalSection(SolutionProperties) = preSolution
		HideSolutionNode = FALSE
	EndGlobalSection
	GlobalSection(ExtensibilityGlobals) = postSolution
		SolutionGuid = {3C5A3001-4D9E-4FD5-AD82-9F88C7F9F903}
	EndGlobalSection
EndGlobal
